// !$*UTF8*$!
{
	archiveVersion = 1;
	classes = {
	};
	objectVersion = 46;
	objects = {

/* Begin PBXBuildFile section */
		0A346CAA133679E100416F1E /* JSON.framework in Frameworks */ = {isa = PBXBuildFile; fileRef = 0A346CA1133679D100416F1E /* JSON.framework */; };
		0A346D5C13367CBB00416F1E /* BWToolkitFramework.framework in Frameworks */ = {isa = PBXBuildFile; fileRef = 0A346D5B13367CBB00416F1E /* BWToolkitFramework.framework */; };
		0A346D6613367CED00416F1E /* BWToolkitFramework.framework in CopyFiles */ = {isa = PBXBuildFile; fileRef = 0A346D5B13367CBB00416F1E /* BWToolkitFramework.framework */; };
		0A414D6013312868002B9FAE /* Cocoa.framework in Frameworks */ = {isa = PBXBuildFile; fileRef = 0A414D5F13312868002B9FAE /* Cocoa.framework */; };
		0A414D6A13312868002B9FAE /* InfoPlist.strings in Resources */ = {isa = PBXBuildFile; fileRef = 0A414D6813312868002B9FAE /* InfoPlist.strings */; };
		0A414D6D13312868002B9FAE /* main.m in Sources */ = {isa = PBXBuildFile; fileRef = 0A414D6C13312868002B9FAE /* main.m */; };
		0A414D7313312868002B9FAE /* DiibarAppDelegate.m in Sources */ = {isa = PBXBuildFile; fileRef = 0A414D7213312868002B9FAE /* DiibarAppDelegate.m */; };
		0A414D7613312869002B9FAE /* MainMenu.xib in Resources */ = {isa = PBXBuildFile; fileRef = 0A414D7413312869002B9FAE /* MainMenu.xib */; };
		0A59CE451337994B00608420 /* JSON.framework in CopyFiles */ = {isa = PBXBuildFile; fileRef = 0A346CA1133679D100416F1E /* JSON.framework */; };
		0AD804C0133A585A00850FE5 /* StatusImage.png in Resources */ = {isa = PBXBuildFile; fileRef = 0AD804BF133A585A00850FE5 /* StatusImage.png */; };
		0AD804D3133A58CA00850FE5 /* StatusAlternateImage.png in Resources */ = {isa = PBXBuildFile; fileRef = 0AD804D2133A58CA00850FE5 /* StatusAlternateImage.png */; };
/* End PBXBuildFile section */

/* Begin PBXContainerItemProxy section */
		0A346CA0133679D100416F1E /* PBXContainerItemProxy */ = {
			isa = PBXContainerItemProxy;
			containerPortal = 0A346C97133679D100416F1E /* JSON.xcodeproj */;
			proxyType = 2;
			remoteGlobalIDString = 53D229810C96121600276605;
			remoteInfo = JSON;
		};
		0A346CA2133679D100416F1E /* PBXContainerItemProxy */ = {
			isa = PBXContainerItemProxy;
			containerPortal = 0A346C97133679D100416F1E /* JSON.xcodeproj */;
			proxyType = 2;
			remoteGlobalIDString = 53D2298D0C96122A00276605;
			remoteInfo = Tests;
		};
		0A346CA4133679D100416F1E /* PBXContainerItemProxy */ = {
			isa = PBXContainerItemProxy;
			containerPortal = 0A346C97133679D100416F1E /* JSON.xcodeproj */;
			proxyType = 2;
			remoteGlobalIDString = FE2BBD800D8B0D3900184787;
			remoteInfo = libjson;
		};
		0A346CA6133679D100416F1E /* PBXContainerItemProxy */ = {
			isa = PBXContainerItemProxy;
			containerPortal = 0A346C97133679D100416F1E /* JSON.xcodeproj */;
			proxyType = 2;
			remoteGlobalIDString = FE2BBDAB0D8B0EE000184787;
			remoteInfo = libjsontests;
		};
		0A346CAF133679FD00416F1E /* PBXContainerItemProxy */ = {
			isa = PBXContainerItemProxy;
			containerPortal = 0A346C97133679D100416F1E /* JSON.xcodeproj */;
			proxyType = 1;
			remoteGlobalIDString = 53D229800C96121600276605;
			remoteInfo = JSON;
		};
/* End PBXContainerItemProxy section */

/* Begin PBXCopyFilesBuildPhase section */
		0A346D7213367CF300416F1E /* CopyFiles */ = {
			isa = PBXCopyFilesBuildPhase;
			buildActionMask = 2147483647;
			dstPath = "";
			dstSubfolderSpec = 10;
			files = (
				0A346D6613367CED00416F1E /* BWToolkitFramework.framework in CopyFiles */,
				0A59CE451337994B00608420 /* JSON.framework in CopyFiles */,
			);
			runOnlyForDeploymentPostprocessing = 0;
		};
/* End PBXCopyFilesBuildPhase section */

/* Begin PBXFileReference section */
		0A29122D133519530069CC7C /* Config.h */ = {isa = PBXFileReference; fileEncoding = 4; lastKnownFileType = sourcecode.c.h; path = Config.h; sourceTree = "<group>"; };
		0A346C97133679D100416F1E /* JSON.xcodeproj */ = {isa = PBXFileReference; lastKnownFileType = "wrapper.pb-project"; name = JSON.xcodeproj; path = Library/JSON/JSON.xcodeproj; sourceTree = "<group>"; };
		0A346D5B13367CBB00416F1E /* BWToolkitFramework.framework */ = {isa = PBXFileReference; lastKnownFileType = wrapper.framework; name = BWToolkitFramework.framework; path = Library/Frameworks/BWToolkitFramework.framework; sourceTree = DEVELOPER_DIR; };
		0A414D5B13312868002B9FAE /* Diibar.app */ = {isa = PBXFileReference; explicitFileType = wrapper.application; includeInIndex = 0; path = Diibar.app; sourceTree = BUILT_PRODUCTS_DIR; };
		0A414D5F13312868002B9FAE /* Cocoa.framework */ = {isa = PBXFileReference; lastKnownFileType = wrapper.framework; name = Cocoa.framework; path = System/Library/Frameworks/Cocoa.framework; sourceTree = SDKROOT; };
		0A414D6213312868002B9FAE /* AppKit.framework */ = {isa = PBXFileReference; lastKnownFileType = wrapper.framework; name = AppKit.framework; path = System/Library/Frameworks/AppKit.framework; sourceTree = SDKROOT; };
		0A414D6313312868002B9FAE /* CoreData.framework */ = {isa = PBXFileReference; lastKnownFileType = wrapper.framework; name = CoreData.framework; path = System/Library/Frameworks/CoreData.framework; sourceTree = SDKROOT; };
		0A414D6413312868002B9FAE /* Foundation.framework */ = {isa = PBXFileReference; lastKnownFileType = wrapper.framework; name = Foundation.framework; path = System/Library/Frameworks/Foundation.framework; sourceTree = SDKROOT; };
		0A414D6713312868002B9FAE /* Diibar-Info.plist */ = {isa = PBXFileReference; lastKnownFileType = text.plist.xml; path = "Diibar-Info.plist"; sourceTree = "<group>"; };
		0A414D6913312868002B9FAE /* en */ = {isa = PBXFileReference; lastKnownFileType = text.plist.strings; name = en; path = en.lproj/InfoPlist.strings; sourceTree = "<group>"; };
		0A414D6B13312868002B9FAE /* Diibar-Prefix.pch */ = {isa = PBXFileReference; lastKnownFileType = sourcecode.c.h; path = "Diibar-Prefix.pch"; sourceTree = "<group>"; };
		0A414D6C13312868002B9FAE /* main.m */ = {isa = PBXFileReference; lastKnownFileType = sourcecode.c.objc; path = main.m; sourceTree = "<group>"; };
		0A414D7113312868002B9FAE /* DiibarAppDelegate.h */ = {isa = PBXFileReference; lastKnownFileType = sourcecode.c.h; path = DiibarAppDelegate.h; sourceTree = "<group>"; };
		0A414D7213312868002B9FAE /* DiibarAppDelegate.m */ = {isa = PBXFileReference; lastKnownFileType = sourcecode.c.objc; path = DiibarAppDelegate.m; sourceTree = "<group>"; };
		0A414D7513312869002B9FAE /* en */ = {isa = PBXFileReference; lastKnownFileType = file.xib; name = en; path = en.lproj/MainMenu.xib; sourceTree = "<group>"; };
		0AD804BF133A585A00850FE5 /* StatusImage.png */ = {isa = PBXFileReference; lastKnownFileType = image.png; path = StatusImage.png; sourceTree = "<group>"; };
		0AD804D2133A58CA00850FE5 /* StatusAlternateImage.png */ = {isa = PBXFileReference; lastKnownFileType = image.png; path = StatusAlternateImage.png; sourceTree = "<group>"; };
/* End PBXFileReference section */

/* Begin PBXFrameworksBuildPhase section */
		0A414D5813312868002B9FAE /* Frameworks */ = {
			isa = PBXFrameworksBuildPhase;
			buildActionMask = 2147483647;
			files = (
				0A414D6013312868002B9FAE /* Cocoa.framework in Frameworks */,
				0A346CAA133679E100416F1E /* JSON.framework in Frameworks */,
				0A346D5C13367CBB00416F1E /* BWToolkitFramework.framework in Frameworks */,
			);
			runOnlyForDeploymentPostprocessing = 0;
		};
/* End PBXFrameworksBuildPhase section */

/* Begin PBXGroup section */
		0A346C98133679D100416F1E /* Products */ = {
			isa = PBXGroup;
			children = (
				0A346CA1133679D100416F1E /* JSON.framework */,
				0A346CA3133679D100416F1E /* Tests.octest */,
				0A346CA5133679D100416F1E /* libjson.a */,
				0A346CA7133679D100416F1E /* libjsontests.octest */,
			);
			name = Products;
			sourceTree = "<group>";
		};
		0A414D5013312868002B9FAE = {
			isa = PBXGroup;
			children = (
				0A346C97133679D100416F1E /* JSON.xcodeproj */,
				0A414D6513312868002B9FAE /* Diibar */,
				0A414D5E13312868002B9FAE /* Frameworks */,
				0A414D5C13312868002B9FAE /* Products */,
			);
			sourceTree = "<group>";
		};
		0A414D5C13312868002B9FAE /* Products */ = {
			isa = PBXGroup;
			children = (
				0A414D5B13312868002B9FAE /* Diibar.app */,
			);
			name = Products;
			sourceTree = "<group>";
		};
		0A414D5E13312868002B9FAE /* Frameworks */ = {
			isa = PBXGroup;
			children = (
				0A414D5F13312868002B9FAE /* Cocoa.framework */,
				0A414D6113312868002B9FAE /* Other Frameworks */,
			);
			name = Frameworks;
			sourceTree = "<group>";
		};
		0A414D6113312868002B9FAE /* Other Frameworks */ = {
			isa = PBXGroup;
			children = (
				0A414D6213312868002B9FAE /* AppKit.framework */,
				0A414D6313312868002B9FAE /* CoreData.framework */,
				0A414D6413312868002B9FAE /* Foundation.framework */,
				0A346D5B13367CBB00416F1E /* BWToolkitFramework.framework */,
			);
			name = "Other Frameworks";
			sourceTree = "<group>";
		};
		0A414D6513312868002B9FAE /* Diibar */ = {
			isa = PBXGroup;
			children = (
				0A29122D133519530069CC7C /* Config.h */,
				0A414D7113312868002B9FAE /* DiibarAppDelegate.h */,
				0A414D7213312868002B9FAE /* DiibarAppDelegate.m */,
				0A414D7413312869002B9FAE /* MainMenu.xib */,
				0AD804BF133A585A00850FE5 /* StatusImage.png */,
				0AD804D2133A58CA00850FE5 /* StatusAlternateImage.png */,
				0A414D6613312868002B9FAE /* Supporting Files */,
			);
			path = Diibar;
			sourceTree = "<group>";
		};
		0A414D6613312868002B9FAE /* Supporting Files */ = {
			isa = PBXGroup;
			children = (
				0A414D6713312868002B9FAE /* Diibar-Info.plist */,
				0A414D6813312868002B9FAE /* InfoPlist.strings */,
				0A414D6B13312868002B9FAE /* Diibar-Prefix.pch */,
				0A414D6C13312868002B9FAE /* main.m */,
			);
			name = "Supporting Files";
			sourceTree = "<group>";
		};
/* End PBXGroup section */

/* Begin PBXNativeTarget section */
		0A414D5A13312868002B9FAE /* Diibar */ = {
			isa = PBXNativeTarget;
			buildConfigurationList = 0A414D7913312869002B9FAE /* Build configuration list for PBXNativeTarget "Diibar" */;
			buildPhases = (
				0A414D5713312868002B9FAE /* Sources */,
				0A414D5813312868002B9FAE /* Frameworks */,
				0A414D5913312868002B9FAE /* Resources */,
				0A346D7213367CF300416F1E /* CopyFiles */,
			);
			buildRules = (
			);
			dependencies = (
				0A346CB0133679FD00416F1E /* PBXTargetDependency */,
			);
			name = Diibar;
			productName = Diibar;
			productReference = 0A414D5B13312868002B9FAE /* Diibar.app */;
			productType = "com.apple.product-type.application";
		};
/* End PBXNativeTarget section */

/* Begin PBXProject section */
		0A414D5213312868002B9FAE /* Project object */ = {
			isa = PBXProject;
			attributes = {
				ORGANIZATIONNAME = "Taichiro Yoshida";
			};
			buildConfigurationList = 0A414D5513312868002B9FAE /* Build configuration list for PBXProject "Diibar" */;
			compatibilityVersion = "Xcode 3.2";
			developmentRegion = English;
			hasScannedForEncodings = 0;
			knownRegions = (
				en,
			);
			mainGroup = 0A414D5013312868002B9FAE;
			productRefGroup = 0A414D5C13312868002B9FAE /* Products */;
			projectDirPath = "";
			projectReferences = (
				{
					ProductGroup = 0A346C98133679D100416F1E /* Products */;
					ProjectRef = 0A346C97133679D100416F1E /* JSON.xcodeproj */;
				},
			);
			projectRoot = "";
			targets = (
				0A414D5A13312868002B9FAE /* Diibar */,
			);
		};
/* End PBXProject section */

/* Begin PBXReferenceProxy section */
		0A346CA1133679D100416F1E /* JSON.framework */ = {
			isa = PBXReferenceProxy;
			fileType = wrapper.framework;
			path = JSON.framework;
			remoteRef = 0A346CA0133679D100416F1E /* PBXContainerItemProxy */;
			sourceTree = BUILT_PRODUCTS_DIR;
		};
		0A346CA3133679D100416F1E /* Tests.octest */ = {
			isa = PBXReferenceProxy;
			fileType = wrapper.cfbundle;
			path = Tests.octest;
			remoteRef = 0A346CA2133679D100416F1E /* PBXContainerItemProxy */;
			sourceTree = BUILT_PRODUCTS_DIR;
		};
		0A346CA5133679D100416F1E /* libjson.a */ = {
			isa = PBXReferenceProxy;
			fileType = archive.ar;
			path = libjson.a;
			remoteRef = 0A346CA4133679D100416F1E /* PBXContainerItemProxy */;
			sourceTree = BUILT_PRODUCTS_DIR;
		};
		0A346CA7133679D100416F1E /* libjsontests.octest */ = {
			isa = PBXReferenceProxy;
			fileType = wrapper.cfbundle;
			path = libjsontests.octest;
			remoteRef = 0A346CA6133679D100416F1E /* PBXContainerItemProxy */;
			sourceTree = BUILT_PRODUCTS_DIR;
		};
/* End PBXReferenceProxy section */

/* Begin PBXResourcesBuildPhase section */
		0A414D5913312868002B9FAE /* Resources */ = {
			isa = PBXResourcesBuildPhase;
			buildActionMask = 2147483647;
			files = (
				0A414D6A13312868002B9FAE /* InfoPlist.strings in Resources */,
				0A414D7613312869002B9FAE /* MainMenu.xib in Resources */,
				0AD804C0133A585A00850FE5 /* StatusImage.png in Resources */,
				0AD804D3133A58CA00850FE5 /* StatusAlternateImage.png in Resources */,
			);
			runOnlyForDeploymentPostprocessing = 0;
		};
/* End PBXResourcesBuildPhase section */

/* Begin PBXSourcesBuildPhase section */
		0A414D5713312868002B9FAE /* Sources */ = {
			isa = PBXSourcesBuildPhase;
			buildActionMask = 2147483647;
			files = (
				0A414D6D13312868002B9FAE /* main.m in Sources */,
				0A414D7313312868002B9FAE /* DiibarAppDelegate.m in Sources */,
			);
			runOnlyForDeploymentPostprocessing = 0;
		};
/* End PBXSourcesBuildPhase section */

/* Begin PBXTargetDependency section */
		0A346CB0133679FD00416F1E /* PBXTargetDependency */ = {
			isa = PBXTargetDependency;
			name = JSON;
			targetProxy = 0A346CAF133679FD00416F1E /* PBXContainerItemProxy */;
		};
/* End PBXTargetDependency section */

/* Begin PBXVariantGroup section */
		0A414D6813312868002B9FAE /* InfoPlist.strings */ = {
			isa = PBXVariantGroup;
			children = (
				0A414D6913312868002B9FAE /* en */,
			);
			name = InfoPlist.strings;
			sourceTree = "<group>";
		};
		0A414D7413312869002B9FAE /* MainMenu.xib */ = {
			isa = PBXVariantGroup;
			children = (
				0A414D7513312869002B9FAE /* en */,
			);
			name = MainMenu.xib;
			sourceTree = "<group>";
		};
/* End PBXVariantGroup section */

/* Begin XCBuildConfiguration section */
		0A414D7713312869002B9FAE /* Debug */ = {
			isa = XCBuildConfiguration;
			buildSettings = {
				ARCHS = "$(ARCHS_STANDARD_32_64_BIT)";
				FRAMEWORK_SEARCH_PATHS = "";
				GCC_C_LANGUAGE_STANDARD = gnu99;
				GCC_OPTIMIZATION_LEVEL = 0;
				GCC_PREPROCESSOR_DEFINITIONS = DEBUG;
				GCC_SYMBOLS_PRIVATE_EXTERN = NO;
				GCC_VERSION = com.apple.compilers.llvm.clang.1_0;
				GCC_WARN_64_TO_32_BIT_CONVERSION = YES;
				GCC_WARN_ABOUT_RETURN_TYPE = YES;
				GCC_WARN_UNUSED_VARIABLE = YES;
				HEADER_SEARCH_PATHS = "";
				MACOSX_DEPLOYMENT_TARGET = 10.6;
				ONLY_ACTIVE_ARCH = YES;
				SDKROOT = macosx;
			};
			name = Debug;
		};
		0A414D7813312869002B9FAE /* Release */ = {
			isa = XCBuildConfiguration;
			buildSettings = {
				ARCHS = "$(ARCHS_STANDARD_32_64_BIT)";
				FRAMEWORK_SEARCH_PATHS = "";
				GCC_C_LANGUAGE_STANDARD = gnu99;
				GCC_VERSION = com.apple.compilers.llvm.clang.1_0;
				GCC_WARN_64_TO_32_BIT_CONVERSION = YES;
				GCC_WARN_ABOUT_RETURN_TYPE = YES;
				GCC_WARN_UNUSED_VARIABLE = YES;
				HEADER_SEARCH_PATHS = "";
				MACOSX_DEPLOYMENT_TARGET = 10.6;
				SDKROOT = macosx;
			};
			name = Release;
		};
		0A414D7A13312869002B9FAE /* Debug */ = {
			isa = XCBuildConfiguration;
			buildSettings = {
				ALWAYS_SEARCH_USER_PATHS = NO;
				COPY_PHASE_STRIP = NO;
				FRAMEWORK_SEARCH_PATHS = (
					"$(inherited)",
					"\"$(SRCROOT)\"",
					"\"$(DEVELOPER_FRAMEWORKS_DIR)\"",
				);
				GCC_DYNAMIC_NO_PIC = NO;
				GCC_ENABLE_OBJC_EXCEPTIONS = YES;
				GCC_PRECOMPILE_PREFIX_HEADER = YES;
				GCC_PREFIX_HEADER = "Diibar/Diibar-Prefix.pch";
				HEADER_SEARCH_PATHS = "";
				INFOPLIST_FILE = "Diibar/Diibar-Info.plist";
				PRODUCT_NAME = "$(TARGET_NAME)";
				WRAPPER_EXTENSION = app;
			};
			name = Debug;
		};
		0A414D7B13312869002B9FAE /* Release */ = {
			isa = XCBuildConfiguration;
			buildSettings = {
				ALWAYS_SEARCH_USER_PATHS = NO;
				COPY_PHASE_STRIP = YES;
				DEBUG_INFORMATION_FORMAT = "dwarf-with-dsym";
				FRAMEWORK_SEARCH_PATHS = (
					"$(inherited)",
					"\"$(SRCROOT)\"",
					"\"$(DEVELOPER_FRAMEWORKS_DIR)\"",
				);
				GCC_ENABLE_OBJC_EXCEPTIONS = YES;
				GCC_PRECOMPILE_PREFIX_HEADER = YES;
				GCC_PREFIX_HEADER = "Diibar/Diibar-Prefix.pch";
				HEADER_SEARCH_PATHS = "";
				INFOPLIST_FILE = "Diibar/Diibar-Info.plist";
				PRODUCT_NAME = "$(TARGET_NAME)";
				WRAPPER_EXTENSION = app;
			};
			name = Release;
		};
/* End XCBuildConfiguration section */

/* Begin XCConfigurationList section */
		0A414D5513312868002B9FAE /* Build configuration list for PBXProject "Diibar" */ = {
			isa = XCConfigurationList;
			buildConfigurations = (
				0A414D7713312869002B9FAE /* Debug */,
				0A414D7813312869002B9FAE /* Release */,
			);
			defaultConfigurationIsVisible = 0;
			defaultConfigurationName = Release;
		};
		0A414D7913312869002B9FAE /* Build configuration list for PBXNativeTarget "Diibar" */ = {
			isa = XCConfigurationList;
			buildConfigurations = (
				0A414D7A13312869002B9FAE /* Debug */,
				0A414D7B13312869002B9FAE /* Release */,
			);
			defaultConfigurationIsVisible = 0;
			defaultConfigurationName = Release;
		};
/* End XCConfigurationList section */
	};
	rootObject = 0A414D5213312868002B9FAE /* Project object */;
}
